
Microsoft Visual Studio Solution File, Format Version 12.00
Project("{FAE04EC0-301F-11D3-BF4B-00C04F79EFBC}") = "AvaloniaControls", "AvaloniaControls\AvaloniaControls.csproj", "{AD8DB5D9-BD38-48CF-8440-854252C9DD74}"
EndProject
Project("{FAE04EC0-301F-11D3-BF4B-00C04F79EFBC}") = "ReactiveTestApp", "ReactiveTestApp\ReactiveTestApp.csproj", "{7C6AB2C5-5CD2-4CBE-ABF0-FC5E3C6033FC}"
EndProject
Global
	GlobalSection(SolutionConfigurationPlatforms) = preSolution
		Debug|Any CPU = Debug|Any CPU
		Release|Any CPU = Release|Any CPU
	EndGlobalSection
	GlobalSection(ProjectConfigurationPlatforms) = postSolution
		{AD8DB5D9-BD38-48CF-8440-854252C9DD74}.Debug|Any CPU.ActiveCfg = Debug|Any CPU
		{AD8DB5D9-BD38-48CF-8440-854252C9DD74}.Debug|Any CPU.Build.0 = Debug|Any CPU
		{AD8DB5D9-BD38-48CF-8440-854252C9DD74}.Release|Any CPU.ActiveCfg = Release|Any CPU
		{AD8DB5D9-BD38-48CF-8440-854252C9DD74}.Release|Any CPU.Build.0 = Release|Any CPU
		{7C6AB2C5-5CD2-4CBE-ABF0-FC5E3C6033FC}.Debug|Any CPU.ActiveCfg = Debug|Any CPU
		{7C6AB2C5-5CD2-4CBE-ABF0-FC5E3C6033FC}.Debug|Any CPU.Build.0 = Debug|Any CPU
		{7C6AB2C5-5CD2-4CBE-ABF0-FC5E3C6033FC}.Release|Any CPU.ActiveCfg = Release|Any CPU
		{7C6AB2C5-5CD2-4CBE-ABF0-FC5E3C6033FC}.Release|Any CPU.Build.0 = Release|Any CPU
	EndGlobalSection
EndGlobal
